
Microsoft Visual Studio Solution File, Format Version 12.00
# Visual Studio Version 17
VisualStudioVersion = 17.4.33213.308
MinimumVisualStudioVersion = 10.0.40219.1
Project("{FAE04EC0-301F-11D3-BF4B-00C04F79EFBC}") = "EsercizioWPF", "EsercizioWPF\EsercizioWPF.csproj", "{1BA54B8C-D809-4FDE-AB8B-34AE1D241698}"
EndProject
Global
	GlobalSection(SolutionConfigurationPlatforms) = preSolution
		Debug|Any CPU = Debug|Any CPU
		Release|Any CPU = Release|Any CPU
	EndGlobalSection
	GlobalSection(ProjectConfigurationPlatforms) = postSolution
		{1BA54B8C-D809-4FDE-AB8B-34AE1D241698}.Debug|Any CPU.ActiveCfg = Debug|Any CPU
		{1BA54B8C-D809-4FDE-AB8B-34AE1D241698}.Debug|Any CPU.Build.0 = Debug|Any CPU
		{1BA54B8C-D809-4FDE-AB8B-34AE1D241698}.Release|Any CPU.ActiveCfg = Release|Any CPU
		{1BA54B8C-D809-4FDE-AB8B-34AE1D241698}.Release|Any CPU.Build.0 = Release|Any CPU
	EndGlobalSection
	GlobalSection(SolutionProperties) = preSolution
		HideSolutionNode = FALSE
	EndGlobalSection
	GlobalSection(ExtensibilityGlobals) = postSolution
		SolutionGuid = {06CB9493-FBAD-4BFC-AEF1-68E5F96F6E90}
	EndGlobalSection
EndGlobal
